
Microsoft Visual Studio Solution File, Format Version 12.00
# Visual Studio 15
VisualStudioVersion = 15.0.26730.8
MinimumVisualStudioVersion = 10.0.40219.1
Project("{FAE04EC0-301F-11D3-BF4B-00C04F79EFBC}") = "StoryTeller.RemoteRunner.Api", "StoryTeller.RemoteRunner.Api\StoryTeller.RemoteRunner.Api.csproj", "{4F301A7C-9B51-4497-A948-4F6A25821772}"
EndProject
Project("{FAE04EC0-301F-11D3-BF4B-00C04F79EFBC}") = "SystemUnderTest.Specs", "SystemUnderTest.Specs\SystemUnderTest.Specs.csproj", "{2F41B285-EED7-485C-BA40-467C0FBFC4D5}"
EndProject
Global
	GlobalSection(SolutionConfigurationPlatforms) = preSolution
		Debug|Any CPU = Debug|Any CPU
		Release|Any CPU = Release|Any CPU
	EndGlobalSection
	GlobalSection(ProjectConfigurationPlatforms) = postSolution
		{4F301A7C-9B51-4497-A948-4F6A25821772}.Debug|Any CPU.ActiveCfg = Debug|Any CPU
		{4F301A7C-9B51-4497-A948-4F6A25821772}.Debug|Any CPU.Build.0 = Debug|Any CPU
		{4F301A7C-9B51-4497-A948-4F6A25821772}.Release|Any CPU.ActiveCfg = Release|Any CPU
		{4F301A7C-9B51-4497-A948-4F6A25821772}.Release|Any CPU.Build.0 = Release|Any CPU
		{2F41B285-EED7-485C-BA40-467C0FBFC4D5}.Debug|Any CPU.ActiveCfg = Debug|Any CPU
		{2F41B285-EED7-485C-BA40-467C0FBFC4D5}.Debug|Any CPU.Build.0 = Debug|Any CPU
		{2F41B285-EED7-485C-BA40-467C0FBFC4D5}.Release|Any CPU.ActiveCfg = Release|Any CPU
		{2F41B285-EED7-485C-BA40-467C0FBFC4D5}.Release|Any CPU.Build.0 = Release|Any CPU
	EndGlobalSection
	GlobalSection(SolutionProperties) = preSolution
		HideSolutionNode = FALSE
	EndGlobalSection
	GlobalSection(ExtensibilityGlobals) = postSolution
		SolutionGuid = {913FD248-9D79-4D03-AF9A-68C47EC92FD5}
	EndGlobalSection
EndGlobal
